
Microsoft Visual Studio Solution File, Format Version 12.00
# Visual Studio Version 17
VisualStudioVersion = 17.7.34031.279
MinimumVisualStudioVersion = 10.0.40219.1
Project("{FAE04EC0-301F-11D3-BF4B-00C04F79EFBC}") = "MedTracker", "MedTracker\MedTracker.csproj", "{90BA4035-DE78-45D4-92B3-708F22BB1044}"
EndProject
Global
	GlobalSection(SolutionConfigurationPlatforms) = preSolution
		Debug|Any CPU = Debug|Any CPU
		Release|Any CPU = Release|Any CPU
	EndGlobalSection
	GlobalSection(ProjectConfigurationPlatforms) = postSolution
		{90BA4035-DE78-45D4-92B3-708F22BB1044}.Debug|Any CPU.ActiveCfg = Debug|Any CPU
		{90BA4035-DE78-45D4-92B3-708F22BB1044}.Debug|Any CPU.Build.0 = Debug|Any CPU
		{90BA4035-DE78-45D4-92B3-708F22BB1044}.Release|Any CPU.ActiveCfg = Release|Any CPU
		{90BA4035-DE78-45D4-92B3-708F22BB1044}.Release|Any CPU.Build.0 = Release|Any CPU
	EndGlobalSection
	GlobalSection(SolutionProperties) = preSolution
		HideSolutionNode = FALSE
	EndGlobalSection
	GlobalSection(ExtensibilityGlobals) = postSolution
		SolutionGuid = {DDADC26F-289B-420C-9A70-8F56F7E629FD}
	EndGlobalSection
EndGlobal
